component=gtk-theme
source=https://github.com/archcraft-os/archcraft-themes
commit=7322626c48be183bfdd7c3eeb2faad1fb69da0f4
source_path=archcraft-gtk-theme-sweet/files/Sweet-Ambar-Blue
install_path=usr/share/themes/Sweet-Ambar-Blue
license=GPL-3.0

component=icon-theme
source=https://github.com/archcraft-os/archcraft-icons
commit=1af3af70ccb233bf26f42162f7e65e4a36803667
source_path=archcraft-icons-ars/files/Ars
install_path=usr/share/icons/Ars
license=GPL-3.0

component=cursor-theme
source=https://github.com/archcraft-os/archcraft-cursors
commit=8b7e4633cf8e73502f2cfd396d077edf9304c440
source_path=archcraft-cursor-sweet/files/Sweet
install_path=usr/share/icons/Sweet
license=GPL-3.0

component=light-gtk-theme
source=https://github.com/archcraft-os/archcraft-themes
commit=7322626c48be183bfdd7c3eeb2faad1fb69da0f4
source_path=archcraft-gtk-theme-qogir/files/Qogir-Light
install_path=usr/share/themes/Qogir-Light
license=GPL-3.0

component=light-icon-theme
source=https://github.com/archcraft-os/archcraft-icons
commit=1af3af70ccb233bf26f42162f7e65e4a36803667
source_path=archcraft-icons-qogir/files/Qogir
install_path=usr/share/icons/Qogir
license=GPL-3.0

component=light-icon-fallback-theme
source=https://github.com/archcraft-os/archcraft-icons
commit=1af3af70ccb233bf26f42162f7e65e4a36803667
source_path=archcraft-icons-breeze/files/Archcraft
install_path=usr/share/icons/Archcraft
license=GPL-3.0

component=light-cursor-theme
source=https://github.com/archcraft-os/archcraft-cursors
commit=8b7e4633cf8e73502f2cfd396d077edf9304c440
source_path=archcraft-cursor-qogirr/files/Qogirr-Dark
install_path=usr/share/icons/Qogirr-Dark
license=GPL-3.0
corresponding_source=https://github.com/vinceliuice/Qogir-icon-theme/tree/488945d0e8c95ed9ce4108b65116845d15b9602f/src/cursors
corresponding_source_commit=488945d0e8c95ed9ce4108b65116845d15b9602f
corresponding_source_path=corresponding-source/Qogirr-Dark/src/cursors
corresponding_source_license=GPL-3.0
corresponding_source_license_path=corresponding-source/Qogirr-Dark/COPYING
